
Microsoft Visual Studio Solution File, Format Version 12.00
# Visual Studio Version 16
VisualStudioVersion = 16.0.31402.337
MinimumVisualStudioVersion = 10.0.40219.1
Project("{FAE04EC0-301F-11D3-BF4B-00C04F79EFBC}") = "HotelFinder.Entities", "HotelFinder.Entities\HotelFinder.Entities.csproj", "{F5FE5466-1A64-4354-B240-26B1ADF1C35D}"
EndProject
Project("{FAE04EC0-301F-11D3-BF4B-00C04F79EFBC}") = "HotelFinder.DataAccess", "HotelFinder.DataAccess\HotelFinder.DataAccess.csproj", "{ABFEC08D-4D52-4287-B07D-BDB1AE7BE96F}"
EndProject
Project("{FAE04EC0-301F-11D3-BF4B-00C04F79EFBC}") = "HotelFinder.Business", "HotelFinder.Business\HotelFinder.Business.csproj", "{1DE69F40-AF5D-4183-B276-25A12F377DF1}"
EndProject
Project("{FAE04EC0-301F-11D3-BF4B-00C04F79EFBC}") = "HotelFinder.API", "HotelFinder.API\HotelFinder.API.csproj", "{6C426084-AD6E-4B79-8A9C-C43E8852F0BC}"
EndProject
Global
	GlobalSection(SolutionConfigurationPlatforms) = preSolution
		Debug|Any CPU = Debug|Any CPU
		Release|Any CPU = Release|Any CPU
	EndGlobalSection
	GlobalSection(ProjectConfigurationPlatforms) = postSolution
		{F5FE5466-1A64-4354-B240-26B1ADF1C35D}.Debug|Any CPU.ActiveCfg = Debug|Any CPU
		{F5FE5466-1A64-4354-B240-26B1ADF1C35D}.Debug|Any CPU.Build.0 = Debug|Any CPU
		{F5FE5466-1A64-4354-B240-26B1ADF1C35D}.Release|Any CPU.ActiveCfg = Release|Any CPU
		{F5FE5466-1A64-4354-B240-26B1ADF1C35D}.Release|Any CPU.Build.0 = Release|Any CPU
		{ABFEC08D-4D52-4287-B07D-BDB1AE7BE96F}.Debug|Any CPU.ActiveCfg = Debug|Any CPU
		{ABFEC08D-4D52-4287-B07D-BDB1AE7BE96F}.Debug|Any CPU.Build.0 = Debug|Any CPU
		{ABFEC08D-4D52-4287-B07D-BDB1AE7BE96F}.Release|Any CPU.ActiveCfg = Release|Any CPU
		{ABFEC08D-4D52-4287-B07D-BDB1AE7BE96F}.Release|Any CPU.Build.0 = Release|Any CPU
		{1DE69F40-AF5D-4183-B276-25A12F377DF1}.Debug|Any CPU.ActiveCfg = Debug|Any CPU
		{1DE69F40-AF5D-4183-B276-25A12F377DF1}.Debug|Any CPU.Build.0 = Debug|Any CPU
		{1DE69F40-AF5D-4183-B276-25A12F377DF1}.Release|Any CPU.ActiveCfg = Release|Any CPU
		{1DE69F40-AF5D-4183-B276-25A12F377DF1}.Release|Any CPU.Build.0 = Release|Any CPU
		{6C426084-AD6E-4B79-8A9C-C43E8852F0BC}.Debug|Any CPU.ActiveCfg = Debug|Any CPU
		{6C426084-AD6E-4B79-8A9C-C43E8852F0BC}.Debug|Any CPU.Build.0 = Debug|Any CPU
		{6C426084-AD6E-4B79-8A9C-C43E8852F0BC}.Release|Any CPU.ActiveCfg = Release|Any CPU
		{6C426084-AD6E-4B79-8A9C-C43E8852F0BC}.Release|Any CPU.Build.0 = Release|Any CPU
	EndGlobalSection
	GlobalSection(SolutionProperties) = preSolution
		HideSolutionNode = FALSE
	EndGlobalSection
	GlobalSection(ExtensibilityGlobals) = postSolution
		SolutionGuid = {CDE9E3D0-E758-4B52-B1F0-BB9056340BBE}
	EndGlobalSection
EndGlobal
